Microsoft Visual Studio Solution File, Format Version 10.00
# Visual Studio 2008
Project("{2150E333-8FDC-42A3-9474-1A3956D46DE8}") = "extern", "extern", "{9CFC0FA1-0D0B-4752-AFCD-55A983A2A62D}"
EndProject
Project("{2150E333-8FDC-42A3-9474-1A3956D46DE8}") = "core", "core", "{C335E018-3CF3-4C30-95D0-25C5680A2FE4}"
EndProject
Project("{2150E333-8FDC-42A3-9474-1A3956D46DE8}") = "systems", "systems", "{673415E6-D87F-460C-B270-FF886230E867}"
EndProject
Project("{2150E333-8FDC-42A3-9474-1A3956D46DE8}") = "OGRE", "OGRE", "{5068BD2A-C1AE-4553-B8E3-AF229008F3E3}"
EndProject
Project("{8BC9CEB8-8B4A-11D0-8D11-00A0C91BC942}") = "EC", "src\EC\EC.vcproj", "{252FCD0F-B883-4AC7-A8C4-859CB50E9CEA}"
	ProjectSection(ProjectDependencies) = postProject
		{670E221F-8AD3-4E9C-949D-A85AEBE5B236} = {670E221F-8AD3-4E9C-949D-A85AEBE5B236}
		{B3C3DF4C-5306-4AE5-9BEF-C0BAB36502F7} = {B3C3DF4C-5306-4AE5-9BEF-C0BAB36502F7}
		{20AEB255-DBCD-425D-8A15-CAEDEA2C2D10} = {20AEB255-DBCD-425D-8A15-CAEDEA2C2D10}
		{4C86D37B-2916-47F7-9322-45276125AA7A} = {4C86D37B-2916-47F7-9322-45276125AA7A}
		{DA2073A6-CFE6-40CA-88C3-C0FF5C8DC932} = {DA2073A6-CFE6-40CA-88C3-C0FF5C8DC932}
		{4F7F7BAE-26E2-420F-8E4F-6E0D0CF9950D} = {4F7F7BAE-26E2-420F-8E4F-6E0D0CF9950D}
		{81B75BE3-29D7-40F4-B96D-035BC637B316} = {81B75BE3-29D7-40F4-B96D-035BC637B316}
		{C406DAEC-0886-4771-8DEA-9D7329B46CC1} = {C406DAEC-0886-4771-8DEA-9D7329B46CC1}
	EndProjectSection
EndProject
Project("{8BC9CEB8-8B4A-11D0-8D11-00A0C91BC942}") = "BaseTypes", "src\BaseTypes\BaseTypes.vcproj", "{20AEB255-DBCD-425D-8A15-CAEDEA2C2D10}"
EndProject
Project("{8BC9CEB8-8B4A-11D0-8D11-00A0C91BC942}") = "Framework", "src\Framework\Framework.vcproj", "{B3C3DF4C-5306-4AE5-9BEF-C0BAB36502F7}"
	ProjectSection(ProjectDependencies) = postProject
		{20AEB255-DBCD-425D-8A15-CAEDEA2C2D10} = {20AEB255-DBCD-425D-8A15-CAEDEA2C2D10}
		{DA2073A6-CFE6-40CA-88C3-C0FF5C8DC932} = {DA2073A6-CFE6-40CA-88C3-C0FF5C8DC932}
	EndProjectSection
EndProject
Project("{8BC9CEB8-8B4A-11D0-8D11-00A0C91BC942}") = "Interfaces", "src\Interfaces\Interfaces.vcproj", "{DA2073A6-CFE6-40CA-88C3-C0FF5C8DC932}"
	ProjectSection(ProjectDependencies) = postProject
		{20AEB255-DBCD-425D-8A15-CAEDEA2C2D10} = {20AEB255-DBCD-425D-8A15-CAEDEA2C2D10}
	EndProjectSection
EndProject
Project("{8BC9CEB8-8B4A-11D0-8D11-00A0C91BC942}") = "SystemGraphicsOgre", "src\SystemGraphicsOgre\SystemGraphicsOgre.vcproj", "{670E221F-8AD3-4E9C-949D-A85AEBE5B236}"
	ProjectSection(ProjectDependencies) = postProject
		{B3C3DF4C-5306-4AE5-9BEF-C0BAB36502F7} = {B3C3DF4C-5306-4AE5-9BEF-C0BAB36502F7}
		{20AEB255-DBCD-425D-8A15-CAEDEA2C2D10} = {20AEB255-DBCD-425D-8A15-CAEDEA2C2D10}
		{DA2073A6-CFE6-40CA-88C3-C0FF5C8DC932} = {DA2073A6-CFE6-40CA-88C3-C0FF5C8DC932}
	EndProjectSection
EndProject
Project("{8BC9CEB8-8B4A-11D0-8D11-00A0C91BC942}") = "tinyxml", "extern\TinyXml\tinyxml_lib.vcproj", "{C406DAEC-0886-4771-8DEA-9D7329B46CC1}"
EndProject
Project("{8BC9CEB8-8B4A-11D0-8D11-00A0C91BC942}") = "SystemGeometry", "src\SystemGeometry\SystemGeometry.vcproj", "{4C86D37B-2916-47F7-9322-45276125AA7A}"
	ProjectSection(ProjectDependencies) = postProject
		{B3C3DF4C-5306-4AE5-9BEF-C0BAB36502F7} = {B3C3DF4C-5306-4AE5-9BEF-C0BAB36502F7}
		{20AEB255-DBCD-425D-8A15-CAEDEA2C2D10} = {20AEB255-DBCD-425D-8A15-CAEDEA2C2D10}
		{DA2073A6-CFE6-40CA-88C3-C0FF5C8DC932} = {DA2073A6-CFE6-40CA-88C3-C0FF5C8DC932}
	EndProjectSection
EndProject
Project("{8BC9CEB8-8B4A-11D0-8D11-00A0C91BC942}") = "SystemAudioFMOD", "src\SystemAudioFMOD\SystemAudioFMOD.vcproj", "{4F7F7BAE-26E2-420F-8E4F-6E0D0CF9950D}"
	ProjectSection(ProjectDependencies) = postProject
		{B3C3DF4C-5306-4AE5-9BEF-C0BAB36502F7} = {B3C3DF4C-5306-4AE5-9BEF-C0BAB36502F7}
		{20AEB255-DBCD-425D-8A15-CAEDEA2C2D10} = {20AEB255-DBCD-425D-8A15-CAEDEA2C2D10}
		{DA2073A6-CFE6-40CA-88C3-C0FF5C8DC932} = {DA2073A6-CFE6-40CA-88C3-C0FF5C8DC932}
	EndProjectSection
EndProject
Project("{8BC9CEB8-8B4A-11D0-8D11-00A0C91BC942}") = "PagedGeometry", "extern\PagedGeometry\PagedGeometryLib.vcproj", "{81B75BE3-29D7-40F4-B96D-035BC637B316}"
EndProject
Project("{8BC9CEB8-8B4A-11D0-8D11-00A0C91BC942}") = "SystemECInput", "src\SystemECInput\SystemECInput.vcproj", "{BA81568E-72B6-40B8-B5FD-80C30A4BD000}"
	ProjectSection(ProjectDependencies) = postProject
		{51449043-0235-4BD8-8CD4-A18C50EC3710} = {51449043-0235-4BD8-8CD4-A18C50EC3710}
		{B3C3DF4C-5306-4AE5-9BEF-C0BAB36502F7} = {B3C3DF4C-5306-4AE5-9BEF-C0BAB36502F7}
		{20AEB255-DBCD-425D-8A15-CAEDEA2C2D10} = {20AEB255-DBCD-425D-8A15-CAEDEA2C2D10}
		{DA2073A6-CFE6-40CA-88C3-C0FF5C8DC932} = {DA2073A6-CFE6-40CA-88C3-C0FF5C8DC932}
	EndProjectSection
EndProject
Project("{8BC9CEB8-8B4A-11D0-8D11-00A0C91BC942}") = "ECInputLib", "src\ECInputLib\ECInputLib.vcproj", "{51449043-0235-4BD8-8CD4-A18C50EC3710}"
EndProject
Project("{8BC9CEB8-8B4A-11D0-8D11-00A0C91BC942}") = "MyGUIEngine", "extern\MyGUI\MyGUIEngine\MyGUIEngine.vcproj", "{E82CD382-1994-4FCA-ABB8-EB704C03FA83}"
EndProject
Project("{8BC9CEB8-8B4A-11D0-8D11-00A0C91BC942}") = "MyGUI.OgrePlatform", "extern\MyGUI\Platforms\Ogre\OgrePlatform\MyGUI.OgrePlatform.vcproj", "{61B557CA-A235-4D24-BCAF-5206CC0C537F}"
EndProject
Project("{2150E333-8FDC-42A3-9474-1A3956D46DE8}") = "MyGUI", "MyGUI", "{59410C1D-B946-4EC8-98DC-E375F32585C2}"
EndProject
Global
	GlobalSection(SolutionConfigurationPlatforms) = preSolution
		Debug|Win32 = Debug|Win32
		MinSizeRel|Win32 = MinSizeRel|Win32
		Profile|Win32 = Profile|Win32
		Release|Win32 = Release|Win32
		RelWithDebInfo|Win32 = RelWithDebInfo|Win32
	EndGlobalSection
	GlobalSection(ProjectConfigurationPlatforms) = postSolution
		{252FCD0F-B883-4AC7-A8C4-859CB50E9CEA}.Debug|Win32.ActiveCfg = Debug|Win32
		{252FCD0F-B883-4AC7-A8C4-859CB50E9CEA}.Debug|Win32.Build.0 = Debug|Win32
		{252FCD0F-B883-4AC7-A8C4-859CB50E9CEA}.MinSizeRel|Win32.ActiveCfg = Profile|Win32
		{252FCD0F-B883-4AC7-A8C4-859CB50E9CEA}.MinSizeRel|Win32.Build.0 = Profile|Win32
		{252FCD0F-B883-4AC7-A8C4-859CB50E9CEA}.Profile|Win32.ActiveCfg = Profile|Win32
		{252FCD0F-B883-4AC7-A8C4-859CB50E9CEA}.Profile|Win32.Build.0 = Profile|Win32
		{252FCD0F-B883-4AC7-A8C4-859CB50E9CEA}.Release|Win32.ActiveCfg = Release|Win32
		{252FCD0F-B883-4AC7-A8C4-859CB50E9CEA}.Release|Win32.Build.0 = Release|Win32
		{252FCD0F-B883-4AC7-A8C4-859CB50E9CEA}.RelWithDebInfo|Win32.ActiveCfg = Release|Win32
		{252FCD0F-B883-4AC7-A8C4-859CB50E9CEA}.RelWithDebInfo|Win32.Build.0 = Release|Win32
		{20AEB255-DBCD-425D-8A15-CAEDEA2C2D10}.Debug|Win32.ActiveCfg = Debug|Win32
		{20AEB255-DBCD-425D-8A15-CAEDEA2C2D10}.Debug|Win32.Build.0 = Debug|Win32
		{20AEB255-DBCD-425D-8A15-CAEDEA2C2D10}.MinSizeRel|Win32.ActiveCfg = Profile|Win32
		{20AEB255-DBCD-425D-8A15-CAEDEA2C2D10}.MinSizeRel|Win32.Build.0 = Profile|Win32
		{20AEB255-DBCD-425D-8A15-CAEDEA2C2D10}.Profile|Win32.ActiveCfg = Profile|Win32
		{20AEB255-DBCD-425D-8A15-CAEDEA2C2D10}.Profile|Win32.Build.0 = Profile|Win32
		{20AEB255-DBCD-425D-8A15-CAEDEA2C2D10}.Release|Win32.ActiveCfg = Release|Win32
		{20AEB255-DBCD-425D-8A15-CAEDEA2C2D10}.Release|Win32.Build.0 = Release|Win32
		{20AEB255-DBCD-425D-8A15-CAEDEA2C2D10}.RelWithDebInfo|Win32.ActiveCfg = Release|Win32
		{20AEB255-DBCD-425D-8A15-CAEDEA2C2D10}.RelWithDebInfo|Win32.Build.0 = Release|Win32
		{B3C3DF4C-5306-4AE5-9BEF-C0BAB36502F7}.Debug|Win32.ActiveCfg = Debug|Win32
		{B3C3DF4C-5306-4AE5-9BEF-C0BAB36502F7}.Debug|Win32.Build.0 = Debug|Win32
		{B3C3DF4C-5306-4AE5-9BEF-C0BAB36502F7}.MinSizeRel|Win32.ActiveCfg = Profile|Win32
		{B3C3DF4C-5306-4AE5-9BEF-C0BAB36502F7}.MinSizeRel|Win32.Build.0 = Profile|Win32
		{B3C3DF4C-5306-4AE5-9BEF-C0BAB36502F7}.Profile|Win32.ActiveCfg = Profile|Win32
		{B3C3DF4C-5306-4AE5-9BEF-C0BAB36502F7}.Profile|Win32.Build.0 = Profile|Win32
		{B3C3DF4C-5306-4AE5-9BEF-C0BAB36502F7}.Release|Win32.ActiveCfg = Release|Win32
		{B3C3DF4C-5306-4AE5-9BEF-C0BAB36502F7}.Release|Win32.Build.0 = Release|Win32
		{B3C3DF4C-5306-4AE5-9BEF-C0BAB36502F7}.RelWithDebInfo|Win32.ActiveCfg = Release|Win32
		{B3C3DF4C-5306-4AE5-9BEF-C0BAB36502F7}.RelWithDebInfo|Win32.Build.0 = Release|Win32
		{DA2073A6-CFE6-40CA-88C3-C0FF5C8DC932}.Debug|Win32.ActiveCfg = Debug|Win32
		{DA2073A6-CFE6-40CA-88C3-C0FF5C8DC932}.Debug|Win32.Build.0 = Debug|Win32
		{DA2073A6-CFE6-40CA-88C3-C0FF5C8DC932}.MinSizeRel|Win32.ActiveCfg = Profile|Win32
		{DA2073A6-CFE6-40CA-88C3-C0FF5C8DC932}.MinSizeRel|Win32.Build.0 = Profile|Win32
		{DA2073A6-CFE6-40CA-88C3-C0FF5C8DC932}.Profile|Win32.ActiveCfg = Profile|Win32
		{DA2073A6-CFE6-40CA-88C3-C0FF5C8DC932}.Profile|Win32.Build.0 = Profile|Win32
		{DA2073A6-CFE6-40CA-88C3-C0FF5C8DC932}.Release|Win32.ActiveCfg = Release|Win32
		{DA2073A6-CFE6-40CA-88C3-C0FF5C8DC932}.Release|Win32.Build.0 = Release|Win32
		{DA2073A6-CFE6-40CA-88C3-C0FF5C8DC932}.RelWithDebInfo|Win32.ActiveCfg = Release|Win32
		{DA2073A6-CFE6-40CA-88C3-C0FF5C8DC932}.RelWithDebInfo|Win32.Build.0 = Release|Win32
		{670E221F-8AD3-4E9C-949D-A85AEBE5B236}.Debug|Win32.ActiveCfg = Debug|Win32
		{670E221F-8AD3-4E9C-949D-A85AEBE5B236}.Debug|Win32.Build.0 = Debug|Win32
		{670E221F-8AD3-4E9C-949D-A85AEBE5B236}.MinSizeRel|Win32.ActiveCfg = Profile|Win32
		{670E221F-8AD3-4E9C-949D-A85AEBE5B236}.MinSizeRel|Win32.Build.0 = Profile|Win32
		{670E221F-8AD3-4E9C-949D-A85AEBE5B236}.Profile|Win32.ActiveCfg = Profile|Win32
		{670E221F-8AD3-4E9C-949D-A85AEBE5B236}.Profile|Win32.Build.0 = Profile|Win32
		{670E221F-8AD3-4E9C-949D-A85AEBE5B236}.Release|Win32.ActiveCfg = Release|Win32
		{670E221F-8AD3-4E9C-949D-A85AEBE5B236}.Release|Win32.Build.0 = Release|Win32
		{670E221F-8AD3-4E9C-949D-A85AEBE5B236}.RelWithDebInfo|Win32.ActiveCfg = Release|Win32
		{670E221F-8AD3-4E9C-949D-A85AEBE5B236}.RelWithDebInfo|Win32.Build.0 = Release|Win32
		{C406DAEC-0886-4771-8DEA-9D7329B46CC1}.Debug|Win32.ActiveCfg = Debug|Win32
		{C406DAEC-0886-4771-8DEA-9D7329B46CC1}.Debug|Win32.Build.0 = Debug|Win32
		{C406DAEC-0886-4771-8DEA-9D7329B46CC1}.MinSizeRel|Win32.ActiveCfg = Debug|Win32
		{C406DAEC-0886-4771-8DEA-9D7329B46CC1}.MinSizeRel|Win32.Build.0 = Debug|Win32
		{C406DAEC-0886-4771-8DEA-9D7329B46CC1}.Profile|Win32.ActiveCfg = Release|Win32
		{C406DAEC-0886-4771-8DEA-9D7329B46CC1}.Profile|Win32.Build.0 = Release|Win32
		{C406DAEC-0886-4771-8DEA-9D7329B46CC1}.Release|Win32.ActiveCfg = Release|Win32
		{C406DAEC-0886-4771-8DEA-9D7329B46CC1}.Release|Win32.Build.0 = Release|Win32
		{C406DAEC-0886-4771-8DEA-9D7329B46CC1}.RelWithDebInfo|Win32.ActiveCfg = Release|Win32
		{C406DAEC-0886-4771-8DEA-9D7329B46CC1}.RelWithDebInfo|Win32.Build.0 = Release|Win32
		{4C86D37B-2916-47F7-9322-45276125AA7A}.Debug|Win32.ActiveCfg = Debug|Win32
		{4C86D37B-2916-47F7-9322-45276125AA7A}.Debug|Win32.Build.0 = Debug|Win32
		{4C86D37B-2916-47F7-9322-45276125AA7A}.MinSizeRel|Win32.ActiveCfg = Profile|Win32
		{4C86D37B-2916-47F7-9322-45276125AA7A}.MinSizeRel|Win32.Build.0 = Profile|Win32
		{4C86D37B-2916-47F7-9322-45276125AA7A}.Profile|Win32.ActiveCfg = Profile|Win32
		{4C86D37B-2916-47F7-9322-45276125AA7A}.Profile|Win32.Build.0 = Profile|Win32
		{4C86D37B-2916-47F7-9322-45276125AA7A}.Release|Win32.ActiveCfg = Release|Win32
		{4C86D37B-2916-47F7-9322-45276125AA7A}.Release|Win32.Build.0 = Release|Win32
		{4C86D37B-2916-47F7-9322-45276125AA7A}.RelWithDebInfo|Win32.ActiveCfg = Release|Win32
		{4C86D37B-2916-47F7-9322-45276125AA7A}.RelWithDebInfo|Win32.Build.0 = Release|Win32
		{4F7F7BAE-26E2-420F-8E4F-6E0D0CF9950D}.Debug|Win32.ActiveCfg = Debug|Win32
		{4F7F7BAE-26E2-420F-8E4F-6E0D0CF9950D}.Debug|Win32.Build.0 = Debug|Win32
		{4F7F7BAE-26E2-420F-8E4F-6E0D0CF9950D}.MinSizeRel|Win32.ActiveCfg = Profile|Win32
		{4F7F7BAE-26E2-420F-8E4F-6E0D0CF9950D}.MinSizeRel|Win32.Build.0 = Profile|Win32
		{4F7F7BAE-26E2-420F-8E4F-6E0D0CF9950D}.Profile|Win32.ActiveCfg = Profile|Win32
		{4F7F7BAE-26E2-420F-8E4F-6E0D0CF9950D}.Profile|Win32.Build.0 = Profile|Win32
		{4F7F7BAE-26E2-420F-8E4F-6E0D0CF9950D}.Release|Win32.ActiveCfg = Release|Win32
		{4F7F7BAE-26E2-420F-8E4F-6E0D0CF9950D}.Release|Win32.Build.0 = Release|Win32
		{4F7F7BAE-26E2-420F-8E4F-6E0D0CF9950D}.RelWithDebInfo|Win32.ActiveCfg = Release|Win32
		{4F7F7BAE-26E2-420F-8E4F-6E0D0CF9950D}.RelWithDebInfo|Win32.Build.0 = Release|Win32
		{81B75BE3-29D7-40F4-B96D-035BC637B316}.Debug|Win32.ActiveCfg = Debug|Win32
		{81B75BE3-29D7-40F4-B96D-035BC637B316}.Debug|Win32.Build.0 = Debug|Win32
		{81B75BE3-29D7-40F4-B96D-035BC637B316}.MinSizeRel|Win32.ActiveCfg = Release|Win32
		{81B75BE3-29D7-40F4-B96D-035BC637B316}.MinSizeRel|Win32.Build.0 = Release|Win32
		{81B75BE3-29D7-40F4-B96D-035BC637B316}.Profile|Win32.ActiveCfg = Release|Win32
		{81B75BE3-29D7-40F4-B96D-035BC637B316}.Profile|Win32.Build.0 = Release|Win32
		{81B75BE3-29D7-40F4-B96D-035BC637B316}.Release|Win32.ActiveCfg = Release|Win32
		{81B75BE3-29D7-40F4-B96D-035BC637B316}.Release|Win32.Build.0 = Release|Win32
		{81B75BE3-29D7-40F4-B96D-035BC637B316}.RelWithDebInfo|Win32.ActiveCfg = Release|Win32
		{81B75BE3-29D7-40F4-B96D-035BC637B316}.RelWithDebInfo|Win32.Build.0 = Release|Win32
		{BA81568E-72B6-40B8-B5FD-80C30A4BD000}.Debug|Win32.ActiveCfg = Debug|Win32
		{BA81568E-72B6-40B8-B5FD-80C30A4BD000}.Debug|Win32.Build.0 = Debug|Win32
		{BA81568E-72B6-40B8-B5FD-80C30A4BD000}.MinSizeRel|Win32.ActiveCfg = Release|Win32
		{BA81568E-72B6-40B8-B5FD-80C30A4BD000}.MinSizeRel|Win32.Build.0 = Release|Win32
		{BA81568E-72B6-40B8-B5FD-80C30A4BD000}.Profile|Win32.ActiveCfg = Release|Win32
		{BA81568E-72B6-40B8-B5FD-80C30A4BD000}.Profile|Win32.Build.0 = Release|Win32
		{BA81568E-72B6-40B8-B5FD-80C30A4BD000}.Release|Win32.ActiveCfg = Release|Win32
		{BA81568E-72B6-40B8-B5FD-80C30A4BD000}.Release|Win32.Build.0 = Release|Win32
		{BA81568E-72B6-40B8-B5FD-80C30A4BD000}.RelWithDebInfo|Win32.ActiveCfg = Release|Win32
		{BA81568E-72B6-40B8-B5FD-80C30A4BD000}.RelWithDebInfo|Win32.Build.0 = Release|Win32
		{51449043-0235-4BD8-8CD4-A18C50EC3710}.Debug|Win32.ActiveCfg = Debug|Win32
		{51449043-0235-4BD8-8CD4-A18C50EC3710}.Debug|Win32.Build.0 = Debug|Win32
		{51449043-0235-4BD8-8CD4-A18C50EC3710}.MinSizeRel|Win32.ActiveCfg = Release|Win32
		{51449043-0235-4BD8-8CD4-A18C50EC3710}.MinSizeRel|Win32.Build.0 = Release|Win32
		{51449043-0235-4BD8-8CD4-A18C50EC3710}.Profile|Win32.ActiveCfg = Release|Win32
		{51449043-0235-4BD8-8CD4-A18C50EC3710}.Profile|Win32.Build.0 = Release|Win32
		{51449043-0235-4BD8-8CD4-A18C50EC3710}.Release|Win32.ActiveCfg = Release|Win32
		{51449043-0235-4BD8-8CD4-A18C50EC3710}.Release|Win32.Build.0 = Release|Win32
		{51449043-0235-4BD8-8CD4-A18C50EC3710}.RelWithDebInfo|Win32.ActiveCfg = Release|Win32
		{51449043-0235-4BD8-8CD4-A18C50EC3710}.RelWithDebInfo|Win32.Build.0 = Release|Win32
		{E82CD382-1994-4FCA-ABB8-EB704C03FA83}.Debug|Win32.ActiveCfg = Debug|Win32
		{E82CD382-1994-4FCA-ABB8-EB704C03FA83}.Debug|Win32.Build.0 = Debug|Win32
		{E82CD382-1994-4FCA-ABB8-EB704C03FA83}.MinSizeRel|Win32.ActiveCfg = MinSizeRel|Win32
		{E82CD382-1994-4FCA-ABB8-EB704C03FA83}.MinSizeRel|Win32.Build.0 = MinSizeRel|Win32
		{E82CD382-1994-4FCA-ABB8-EB704C03FA83}.Profile|Win32.ActiveCfg = RelWithDebInfo|Win32
		{E82CD382-1994-4FCA-ABB8-EB704C03FA83}.Profile|Win32.Build.0 = RelWithDebInfo|Win32
		{E82CD382-1994-4FCA-ABB8-EB704C03FA83}.Release|Win32.ActiveCfg = Release|Win32
		{E82CD382-1994-4FCA-ABB8-EB704C03FA83}.Release|Win32.Build.0 = Release|Win32
		{E82CD382-1994-4FCA-ABB8-EB704C03FA83}.RelWithDebInfo|Win32.ActiveCfg = RelWithDebInfo|Win32
		{E82CD382-1994-4FCA-ABB8-EB704C03FA83}.RelWithDebInfo|Win32.Build.0 = RelWithDebInfo|Win32
		{61B557CA-A235-4D24-BCAF-5206CC0C537F}.Debug|Win32.ActiveCfg = Debug|Win32
		{61B557CA-A235-4D24-BCAF-5206CC0C537F}.Debug|Win32.Build.0 = Debug|Win32
		{61B557CA-A235-4D24-BCAF-5206CC0C537F}.MinSizeRel|Win32.ActiveCfg = MinSizeRel|Win32
		{61B557CA-A235-4D24-BCAF-5206CC0C537F}.MinSizeRel|Win32.Build.0 = MinSizeRel|Win32
		{61B557CA-A235-4D24-BCAF-5206CC0C537F}.Profile|Win32.ActiveCfg = RelWithDebInfo|Win32
		{61B557CA-A235-4D24-BCAF-5206CC0C537F}.Profile|Win32.Build.0 = RelWithDebInfo|Win32
		{61B557CA-A235-4D24-BCAF-5206CC0C537F}.Release|Win32.ActiveCfg = Release|Win32
		{61B557CA-A235-4D24-BCAF-5206CC0C537F}.Release|Win32.Build.0 = Release|Win32
		{61B557CA-A235-4D24-BCAF-5206CC0C537F}.RelWithDebInfo|Win32.ActiveCfg = RelWithDebInfo|Win32
		{61B557CA-A235-4D24-BCAF-5206CC0C537F}.RelWithDebInfo|Win32.Build.0 = RelWithDebInfo|Win32
	EndGlobalSection
	GlobalSection(SolutionProperties) = preSolution
		HideSolutionNode = FALSE
	EndGlobalSection
	GlobalSection(NestedProjects) = preSolution
		{5068BD2A-C1AE-4553-B8E3-AF229008F3E3} = {9CFC0FA1-0D0B-4752-AFCD-55A983A2A62D}
		{C406DAEC-0886-4771-8DEA-9D7329B46CC1} = {9CFC0FA1-0D0B-4752-AFCD-55A983A2A62D}
		{81B75BE3-29D7-40F4-B96D-035BC637B316} = {9CFC0FA1-0D0B-4752-AFCD-55A983A2A62D}
		{59410C1D-B946-4EC8-98DC-E375F32585C2} = {9CFC0FA1-0D0B-4752-AFCD-55A983A2A62D}
		{20AEB255-DBCD-425D-8A15-CAEDEA2C2D10} = {C335E018-3CF3-4C30-95D0-25C5680A2FE4}
		{B3C3DF4C-5306-4AE5-9BEF-C0BAB36502F7} = {C335E018-3CF3-4C30-95D0-25C5680A2FE4}
		{DA2073A6-CFE6-40CA-88C3-C0FF5C8DC932} = {C335E018-3CF3-4C30-95D0-25C5680A2FE4}
		{51449043-0235-4BD8-8CD4-A18C50EC3710} = {C335E018-3CF3-4C30-95D0-25C5680A2FE4}
		{670E221F-8AD3-4E9C-949D-A85AEBE5B236} = {673415E6-D87F-460C-B270-FF886230E867}
		{4C86D37B-2916-47F7-9322-45276125AA7A} = {673415E6-D87F-460C-B270-FF886230E867}
		{4F7F7BAE-26E2-420F-8E4F-6E0D0CF9950D} = {673415E6-D87F-460C-B270-FF886230E867}
		{BA81568E-72B6-40B8-B5FD-80C30A4BD000} = {673415E6-D87F-460C-B270-FF886230E867}
		{61B557CA-A235-4D24-BCAF-5206CC0C537F} = {59410C1D-B946-4EC8-98DC-E375F32585C2}
		{E82CD382-1994-4FCA-ABB8-EB704C03FA83} = {59410C1D-B946-4EC8-98DC-E375F32585C2}
	EndGlobalSection
	GlobalSection(ExtensibilityGlobals) = postSolution
		DPBuild = 5
	EndGlobalSection
EndGlobal
